
Microsoft Visual Studio Solution File, Format Version 12.00
# Visual Studio 14
VisualStudioVersion = 14.0.25123.0
MinimumVisualStudioVersion = 10.0.40219.1
Project("{8BB2217D-0F2D-49D1-97BC-3654ED321F3B}") = "TrackTime.Api", "TrackTimeApi\TrackTime.Api.xproj", "{C4098F86-BA21-471C-AF51-41B128EDD650}"
EndProject
Project("{2150E333-8FDC-42A3-9474-1A3956D46DE8}") = "Solution Items", "Solution Items", "{D9126A72-CF8B-454B-A0C7-F4F23252BF51}"
	ProjectSection(SolutionItems) = preProject
		..\global.json = ..\global.json
	EndProjectSection
EndProject
Project("{8BB2217D-0F2D-49D1-97BC-3654ED321F3B}") = "TrackTime.Domain", "TrackTime.Domain\TrackTime.Domain.xproj", "{22479559-0C3B-4C26-99DB-DDA227DDE29F}"
EndProject
Project("{8BB2217D-0F2D-49D1-97BC-3654ED321F3B}") = "TrackTime.Domain.Tests", "TrackTime.Domain.Tests\TrackTime.Domain.Tests.xproj", "{B8677EE1-965F-4B4D-9550-982A45EEC4BB}"
EndProject
Global
	GlobalSection(SolutionConfigurationPlatforms) = preSolution
		Debug|Any CPU = Debug|Any CPU
		Release|Any CPU = Release|Any CPU
	EndGlobalSection
	GlobalSection(ProjectConfigurationPlatforms) = postSolution
		{C4098F86-BA21-471C-AF51-41B128EDD650}.Debug|Any CPU.ActiveCfg = Debug|Any CPU
		{C4098F86-BA21-471C-AF51-41B128EDD650}.Debug|Any CPU.Build.0 = Debug|Any CPU
		{C4098F86-BA21-471C-AF51-41B128EDD650}.Release|Any CPU.ActiveCfg = Release|Any CPU
		{C4098F86-BA21-471C-AF51-41B128EDD650}.Release|Any CPU.Build.0 = Release|Any CPU
		{22479559-0C3B-4C26-99DB-DDA227DDE29F}.Debug|Any CPU.ActiveCfg = Debug|Any CPU
		{22479559-0C3B-4C26-99DB-DDA227DDE29F}.Debug|Any CPU.Build.0 = Debug|Any CPU
		{22479559-0C3B-4C26-99DB-DDA227DDE29F}.Release|Any CPU.ActiveCfg = Release|Any CPU
		{22479559-0C3B-4C26-99DB-DDA227DDE29F}.Release|Any CPU.Build.0 = Release|Any CPU
		{B8677EE1-965F-4B4D-9550-982A45EEC4BB}.Debug|Any CPU.ActiveCfg = Debug|Any CPU
		{B8677EE1-965F-4B4D-9550-982A45EEC4BB}.Debug|Any CPU.Build.0 = Debug|Any CPU
		{B8677EE1-965F-4B4D-9550-982A45EEC4BB}.Release|Any CPU.ActiveCfg = Release|Any CPU
		{B8677EE1-965F-4B4D-9550-982A45EEC4BB}.Release|Any CPU.Build.0 = Release|Any CPU
	EndGlobalSection
	GlobalSection(SolutionProperties) = preSolution
		HideSolutionNode = FALSE
	EndGlobalSection
EndGlobal
